
Microsoft Visual Studio Solution File, Format Version 12.00
Project("{FAE04EC0-301F-11D3-BF4B-00C04F79EFBC}") = "Leetcode", "Leetcode\Leetcode.csproj", "{EC2FDB9C-1721-4A2D-9756-06F9B33B45ED}"
EndProject
Global
	GlobalSection(SolutionConfigurationPlatforms) = preSolution
		Debug|Any CPU = Debug|Any CPU
		Release|Any CPU = Release|Any CPU
	EndGlobalSection
	GlobalSection(ProjectConfigurationPlatforms) = postSolution
		{EC2FDB9C-1721-4A2D-9756-06F9B33B45ED}.Debug|Any CPU.ActiveCfg = Debug|Any CPU
		{EC2FDB9C-1721-4A2D-9756-06F9B33B45ED}.Debug|Any CPU.Build.0 = Debug|Any CPU
		{EC2FDB9C-1721-4A2D-9756-06F9B33B45ED}.Release|Any CPU.ActiveCfg = Release|Any CPU
		{EC2FDB9C-1721-4A2D-9756-06F9B33B45ED}.Release|Any CPU.Build.0 = Release|Any CPU
	EndGlobalSection
EndGlobal
